
Microsoft Visual Studio Solution File, Format Version 12.00
# Visual Studio 14
VisualStudioVersion = 14.0.25420.1
MinimumVisualStudioVersion = 10.0.40219.1
Project("{FAE04EC0-301F-11D3-BF4B-00C04F79EFBC}") = "KUMSALKOZMETIK.DATA", "KUMSALKOZMETIK.DATA\KUMSALKOZMETIK.DATA.csproj", "{3AF5F5FA-ACC7-4A2C-8EDD-2A19263B6643}"
EndProject
Project("{FAE04EC0-301F-11D3-BF4B-00C04F79EFBC}") = "KUMSALKOZMETIK.UI.WEB", "KUMSALKOZMETIK.UI.WEB\KUMSALKOZMETIK.UI.WEB.csproj", "{60505B6B-D98F-4BFE-85B2-410775BB05CA}"
EndProject
Global
	GlobalSection(SolutionConfigurationPlatforms) = preSolution
		Debug|Any CPU = Debug|Any CPU
		Release|Any CPU = Release|Any CPU
	EndGlobalSection
	GlobalSection(ProjectConfigurationPlatforms) = postSolution
		{3AF5F5FA-ACC7-4A2C-8EDD-2A19263B6643}.Debug|Any CPU.ActiveCfg = Debug|Any CPU
		{3AF5F5FA-ACC7-4A2C-8EDD-2A19263B6643}.Debug|Any CPU.Build.0 = Debug|Any CPU
		{3AF5F5FA-ACC7-4A2C-8EDD-2A19263B6643}.Release|Any CPU.ActiveCfg = Release|Any CPU
		{3AF5F5FA-ACC7-4A2C-8EDD-2A19263B6643}.Release|Any CPU.Build.0 = Release|Any CPU
		{60505B6B-D98F-4BFE-85B2-410775BB05CA}.Debug|Any CPU.ActiveCfg = Debug|Any CPU
		{60505B6B-D98F-4BFE-85B2-410775BB05CA}.Debug|Any CPU.Build.0 = Debug|Any CPU
		{60505B6B-D98F-4BFE-85B2-410775BB05CA}.Release|Any CPU.ActiveCfg = Release|Any CPU
		{60505B6B-D98F-4BFE-85B2-410775BB05CA}.Release|Any CPU.Build.0 = Release|Any CPU
	EndGlobalSection
	GlobalSection(SolutionProperties) = preSolution
		HideSolutionNode = FALSE
	EndGlobalSection
EndGlobal
